Microsoft Visual Studio Solution File, Format Version 12.00
# Visual Studio 14
VisualStudioVersion = 14.0.25420.1
MinimumVisualStudioVersion = 10.0.40219.1
Project("{2150E333-8FDC-42A3-9474-1A3956D46DE8}") = "Core", "Core", "{91CAB9D9-3DFD-48E9-B2D1-1287AB378D9B}"
EndProject
Project("{FAE04EC0-301F-11D3-BF4B-00C04F79EFBC}") = "Render_Legacy", "Rendering\Render\Render_Legacy.csproj", "{C1527127-DD8C-4076-A0A7-39EB2EF23787}"
EndProject
Project("{FAE04EC0-301F-11D3-BF4B-00C04F79EFBC}") = "Utils", "Misc\Utils\Utils.csproj", "{772B1188-A00D-45FC-B352-834227ADAE96}"
EndProject
Project("{FAE04EC0-301F-11D3-BF4B-00C04F79EFBC}") = "ToyWorldAPI", "API\ToyWorldAPI\ToyWorldAPI.csproj", "{527728E6-91BE-4678-912F-45A507D0BC67}"
EndProject
Project("{FAE04EC0-301F-11D3-BF4B-00C04F79EFBC}") = "Control", "Control\Control.csproj", "{C61DB58A-5374-48F3-9457-025A1693C8CC}"
EndProject
Project("{FAE04EC0-301F-11D3-BF4B-00C04F79EFBC}") = "GUI", "API\GUI\GUI.csproj", "{48D1D233-B871-41B9-88D8-3667B93DA461}"
EndProject
Project("{FAE04EC0-301F-11D3-BF4B-00C04F79EFBC}") = "ToyWorldTests", "Misc\ToyWorldTests\ToyWorldTests.csproj", "{29936884-7FC6-4159-95C0-6E9B3C0D028A}"
EndProject
Project("{FAE04EC0-301F-11D3-BF4B-00C04F79EFBC}") = "ToyWorldFactory", "API\ToyWorldFactory\ToyWorldFactory.csproj", "{F59C62C1-A4E9-4CE7-B1C8-17375D4491D6}"
EndProject
Project("{FAE04EC0-301F-11D3-BF4B-00C04F79EFBC}") = "TmxMapSerializer", "Misc\TmxUtilities\TmxMapSerializer\TmxMapSerializer\TmxMapSerializer.csproj", "{7A4D6FA1-E44B-40E2-9DE8-3606DBC657D9}"
EndProject
Project("{2150E333-8FDC-42A3-9474-1A3956D46DE8}") = "Misc", "Misc", "{D484651D-9F00-4A5D-9F83-E8FFD456077A}"
EndProject
Project("{FAE04EC0-301F-11D3-BF4B-00C04F79EFBC}") = "Strut_Render_Base", "Rendering\RenderingBase\Strut_Render_Base.csproj", "{272A6B2F-921A-4AC2-ACED-A3E0F487954C}"
EndProject
Project("{FAE04EC0-301F-11D3-BF4B-00C04F79EFBC}") = "Physics", "Game\Physics\Physics.csproj", "{06DAAD7F-AC1C-417E-A903-55FFB859E761}"
EndProject
Project("{FAE04EC0-301F-11D3-BF4B-00C04F79EFBC}") = "Logger", "Misc\Logger\Logger.csproj", "{49A532A2-2080-4DBE-AFC8-0B34D9B0B210}"
EndProject
Project("{FAE04EC0-301F-11D3-BF4B-00C04F79EFBC}") = "LoggerIface", "API\LoggerIface\LoggerIface.csproj", "{97BD8CC4-EC76-44EF-B774-48062454F4FC}"
EndProject
Project("{FAE04EC0-301F-11D3-BF4B-00C04F79EFBC}") = "Simulation", "Game\Simulation\Simulation.csproj", "{3831266C-24FE-4DD6-A4CC-39D0EF33C299}"
EndProject
Project("{2150E333-8FDC-42A3-9474-1A3956D46DE8}") = "Rendering", "Rendering", "{6C22EAC9-88C1-495D-838D-95EE47E5424D}"
EndProject
Project("{2150E333-8FDC-42A3-9474-1A3956D46DE8}") = "Game", "Game", "{94678757-3E0F-4F48-9637-D5E01C6B6F3D}"
EndProject
Project("{2150E333-8FDC-42A3-9474-1A3956D46DE8}") = "API", "API", "{8A5CCFD1-C540-47E2-B8CD-A0459AD3DD9D}"
EndProject
Project("{FAE04EC0-301F-11D3-BF4B-00C04F79EFBC}") = "Strut_Render_Common", "Strut-Render-Common\Strut_Render_Common.csproj", "{83E38EBA-9D3A-402B-B863-77FA667F5926}"
EndProject
Project("{FAE04EC0-301F-11D3-BF4B-00C04F79EFBC}") = "Strut_Render_Vk", "Strut-Render-Vk\Strut_Render_Vk.csproj", "{D2F507D1-2D52-446D-ADEF-9DF441715F9D}"
EndProject
Global
	GlobalSection(SolutionConfigurationPlatforms) = preSolution
		Debug|Any CPU = Debug|Any CPU
		Debug|TW GUI = Debug|TW GUI
		Release|Any CPU = Release|Any CPU
		Release|TW GUI = Release|TW GUI
	EndGlobalSection
	GlobalSection(ProjectConfigurationPlatforms) = postSolution
		{C1527127-DD8C-4076-A0A7-39EB2EF23787}.Debug|Any CPU.ActiveCfg = Debug|x64
		{C1527127-DD8C-4076-A0A7-39EB2EF23787}.Debug|TW GUI.ActiveCfg = Debug|x64
		{C1527127-DD8C-4076-A0A7-39EB2EF23787}.Debug|TW GUI.Build.0 = Debug|x64
		{C1527127-DD8C-4076-A0A7-39EB2EF23787}.Release|Any CPU.ActiveCfg = Release|x64
		{C1527127-DD8C-4076-A0A7-39EB2EF23787}.Release|TW GUI.ActiveCfg = Release|x64
		{C1527127-DD8C-4076-A0A7-39EB2EF23787}.Release|TW GUI.Build.0 = Release|x64
		{772B1188-A00D-45FC-B352-834227ADAE96}.Debug|Any CPU.ActiveCfg = Debug|x64
		{772B1188-A00D-45FC-B352-834227ADAE96}.Debug|TW GUI.ActiveCfg = Debug|x64
		{772B1188-A00D-45FC-B352-834227ADAE96}.Debug|TW GUI.Build.0 = Debug|x64
		{772B1188-A00D-45FC-B352-834227ADAE96}.Release|Any CPU.ActiveCfg = Release|x64
		{772B1188-A00D-45FC-B352-834227ADAE96}.Release|TW GUI.ActiveCfg = Release|x64
		{772B1188-A00D-45FC-B352-834227ADAE96}.Release|TW GUI.Build.0 = Release|x64
		{527728E6-91BE-4678-912F-45A507D0BC67}.Debug|Any CPU.ActiveCfg = Debug|x64
		{527728E6-91BE-4678-912F-45A507D0BC67}.Debug|TW GUI.ActiveCfg = Debug|x64
		{527728E6-91BE-4678-912F-45A507D0BC67}.Debug|TW GUI.Build.0 = Debug|x64
		{527728E6-91BE-4678-912F-45A507D0BC67}.Release|Any CPU.ActiveCfg = Release|x64
		{527728E6-91BE-4678-912F-45A507D0BC67}.Release|TW GUI.ActiveCfg = Release|x64
		{527728E6-91BE-4678-912F-45A507D0BC67}.Release|TW GUI.Build.0 = Release|x64
		{C61DB58A-5374-48F3-9457-025A1693C8CC}.Debug|Any CPU.ActiveCfg = Debug|Any CPU
		{C61DB58A-5374-48F3-9457-025A1693C8CC}.Debug|Any CPU.Build.0 = Debug|Any CPU
		{C61DB58A-5374-48F3-9457-025A1693C8CC}.Debug|TW GUI.ActiveCfg = Debug|x64
		{C61DB58A-5374-48F3-9457-025A1693C8CC}.Debug|TW GUI.Build.0 = Debug|x64
		{C61DB58A-5374-48F3-9457-025A1693C8CC}.Release|Any CPU.ActiveCfg = Release|Any CPU
		{C61DB58A-5374-48F3-9457-025A1693C8CC}.Release|Any CPU.Build.0 = Release|Any CPU
		{C61DB58A-5374-48F3-9457-025A1693C8CC}.Release|TW GUI.ActiveCfg = Release|x64
		{C61DB58A-5374-48F3-9457-025A1693C8CC}.Release|TW GUI.Build.0 = Release|x64
		{48D1D233-B871-41B9-88D8-3667B93DA461}.Debug|Any CPU.ActiveCfg = Debug|x64
		{48D1D233-B871-41B9-88D8-3667B93DA461}.Debug|TW GUI.ActiveCfg = Debug|x64
		{48D1D233-B871-41B9-88D8-3667B93DA461}.Debug|TW GUI.Build.0 = Debug|x64
		{48D1D233-B871-41B9-88D8-3667B93DA461}.Release|Any CPU.ActiveCfg = Release|x64
		{48D1D233-B871-41B9-88D8-3667B93DA461}.Release|TW GUI.ActiveCfg = Release|x64
		{48D1D233-B871-41B9-88D8-3667B93DA461}.Release|TW GUI.Build.0 = Release|x64
		{29936884-7FC6-4159-95C0-6E9B3C0D028A}.Debug|Any CPU.ActiveCfg = Debug|x64
		{29936884-7FC6-4159-95C0-6E9B3C0D028A}.Debug|TW GUI.ActiveCfg = Debug|x64
		{29936884-7FC6-4159-95C0-6E9B3C0D028A}.Debug|TW GUI.Build.0 = Debug|x64
		{29936884-7FC6-4159-95C0-6E9B3C0D028A}.Release|Any CPU.ActiveCfg = Release|x64
		{29936884-7FC6-4159-95C0-6E9B3C0D028A}.Release|TW GUI.ActiveCfg = Release|x64
		{29936884-7FC6-4159-95C0-6E9B3C0D028A}.Release|TW GUI.Build.0 = Release|x64
		{F59C62C1-A4E9-4CE7-B1C8-17375D4491D6}.Debug|Any CPU.ActiveCfg = Debug|x64
		{F59C62C1-A4E9-4CE7-B1C8-17375D4491D6}.Debug|TW GUI.ActiveCfg = Debug|x64
		{F59C62C1-A4E9-4CE7-B1C8-17375D4491D6}.Debug|TW GUI.Build.0 = Debug|x64
		{F59C62C1-A4E9-4CE7-B1C8-17375D4491D6}.Release|Any CPU.ActiveCfg = Release|x64
		{F59C62C1-A4E9-4CE7-B1C8-17375D4491D6}.Release|TW GUI.ActiveCfg = Release|x64
		{F59C62C1-A4E9-4CE7-B1C8-17375D4491D6}.Release|TW GUI.Build.0 = Release|x64
		{7A4D6FA1-E44B-40E2-9DE8-3606DBC657D9}.Debug|Any CPU.ActiveCfg = Debug|x64
		{7A4D6FA1-E44B-40E2-9DE8-3606DBC657D9}.Debug|TW GUI.ActiveCfg = Debug|x64
		{7A4D6FA1-E44B-40E2-9DE8-3606DBC657D9}.Debug|TW GUI.Build.0 = Debug|x64
		{7A4D6FA1-E44B-40E2-9DE8-3606DBC657D9}.Release|Any CPU.ActiveCfg = Release|x64
		{7A4D6FA1-E44B-40E2-9DE8-3606DBC657D9}.Release|TW GUI.ActiveCfg = Release|x64
		{7A4D6FA1-E44B-40E2-9DE8-3606DBC657D9}.Release|TW GUI.Build.0 = Release|x64
		{272A6B2F-921A-4AC2-ACED-A3E0F487954C}.Debug|Any CPU.ActiveCfg = Debug|x64
		{272A6B2F-921A-4AC2-ACED-A3E0F487954C}.Debug|TW GUI.ActiveCfg = Debug|x64
		{272A6B2F-921A-4AC2-ACED-A3E0F487954C}.Debug|TW GUI.Build.0 = Debug|x64
		{272A6B2F-921A-4AC2-ACED-A3E0F487954C}.Release|Any CPU.ActiveCfg = Release|x64
		{272A6B2F-921A-4AC2-ACED-A3E0F487954C}.Release|TW GUI.ActiveCfg = Release|x64
		{272A6B2F-921A-4AC2-ACED-A3E0F487954C}.Release|TW GUI.Build.0 = Release|x64
		{06DAAD7F-AC1C-417E-A903-55FFB859E761}.Debug|Any CPU.ActiveCfg = Debug|x64
		{06DAAD7F-AC1C-417E-A903-55FFB859E761}.Debug|TW GUI.ActiveCfg = Debug|x64
		{06DAAD7F-AC1C-417E-A903-55FFB859E761}.Debug|TW GUI.Build.0 = Debug|x64
		{06DAAD7F-AC1C-417E-A903-55FFB859E761}.Release|Any CPU.ActiveCfg = Release|x64
		{06DAAD7F-AC1C-417E-A903-55FFB859E761}.Release|TW GUI.ActiveCfg = Release|x64
		{06DAAD7F-AC1C-417E-A903-55FFB859E761}.Release|TW GUI.Build.0 = Release|x64
		{49A532A2-2080-4DBE-AFC8-0B34D9B0B210}.Debug|Any CPU.ActiveCfg = Debug|x64
		{49A532A2-2080-4DBE-AFC8-0B34D9B0B210}.Debug|TW GUI.ActiveCfg = Debug|x64
		{49A532A2-2080-4DBE-AFC8-0B34D9B0B210}.Debug|TW GUI.Build.0 = Debug|x64
		{49A532A2-2080-4DBE-AFC8-0B34D9B0B210}.Release|Any CPU.ActiveCfg = Release|x64
		{49A532A2-2080-4DBE-AFC8-0B34D9B0B210}.Release|TW GUI.ActiveCfg = Release|x64
		{49A532A2-2080-4DBE-AFC8-0B34D9B0B210}.Release|TW GUI.Build.0 = Release|x64
		{97BD8CC4-EC76-44EF-B774-48062454F4FC}.Debug|Any CPU.ActiveCfg = Debug|x64
		{97BD8CC4-EC76-44EF-B774-48062454F4FC}.Debug|TW GUI.ActiveCfg = Debug|x64
		{97BD8CC4-EC76-44EF-B774-48062454F4FC}.Debug|TW GUI.Build.0 = Debug|x64
		{97BD8CC4-EC76-44EF-B774-48062454F4FC}.Release|Any CPU.ActiveCfg = Release|x64
		{97BD8CC4-EC76-44EF-B774-48062454F4FC}.Release|TW GUI.ActiveCfg = Release|x64
		{97BD8CC4-EC76-44EF-B774-48062454F4FC}.Release|TW GUI.Build.0 = Release|x64
		{3831266C-24FE-4DD6-A4CC-39D0EF33C299}.Debug|Any CPU.ActiveCfg = Debug|x64
		{3831266C-24FE-4DD6-A4CC-39D0EF33C299}.Debug|TW GUI.ActiveCfg = Debug|x64
		{3831266C-24FE-4DD6-A4CC-39D0EF33C299}.Debug|TW GUI.Build.0 = Debug|x64
		{3831266C-24FE-4DD6-A4CC-39D0EF33C299}.Release|Any CPU.ActiveCfg = Release|x64
		{3831266C-24FE-4DD6-A4CC-39D0EF33C299}.Release|TW GUI.ActiveCfg = Release|x64
		{3831266C-24FE-4DD6-A4CC-39D0EF33C299}.Release|TW GUI.Build.0 = Release|x64
		{83E38EBA-9D3A-402B-B863-77FA667F5926}.Debug|Any CPU.ActiveCfg = Debug|x64
		{83E38EBA-9D3A-402B-B863-77FA667F5926}.Debug|TW GUI.ActiveCfg = Debug|x64
		{83E38EBA-9D3A-402B-B863-77FA667F5926}.Debug|TW GUI.Build.0 = Debug|x64
		{83E38EBA-9D3A-402B-B863-77FA667F5926}.Release|Any CPU.ActiveCfg = Release|x64
		{83E38EBA-9D3A-402B-B863-77FA667F5926}.Release|TW GUI.ActiveCfg = Release|x64
		{83E38EBA-9D3A-402B-B863-77FA667F5926}.Release|TW GUI.Build.0 = Release|x64
		{D2F507D1-2D52-446D-ADEF-9DF441715F9D}.Debug|Any CPU.ActiveCfg = Debug|x64
		{D2F507D1-2D52-446D-ADEF-9DF441715F9D}.Debug|TW GUI.ActiveCfg = Debug|x64
		{D2F507D1-2D52-446D-ADEF-9DF441715F9D}.Debug|TW GUI.Build.0 = Debug|x64
		{D2F507D1-2D52-446D-ADEF-9DF441715F9D}.Release|Any CPU.ActiveCfg = Release|x64
		{D2F507D1-2D52-446D-ADEF-9DF441715F9D}.Release|TW GUI.ActiveCfg = Release|x64
		{D2F507D1-2D52-446D-ADEF-9DF441715F9D}.Release|TW GUI.Build.0 = Release|x64
	EndGlobalSection
	GlobalSection(SolutionProperties) = preSolution
		HideSolutionNode = FALSE
	EndGlobalSection
	GlobalSection(NestedProjects) = preSolution
		{C1527127-DD8C-4076-A0A7-39EB2EF23787} = {6C22EAC9-88C1-495D-838D-95EE47E5424D}
		{772B1188-A00D-45FC-B352-834227ADAE96} = {D484651D-9F00-4A5D-9F83-E8FFD456077A}
		{527728E6-91BE-4678-912F-45A507D0BC67} = {8A5CCFD1-C540-47E2-B8CD-A0459AD3DD9D}
		{C61DB58A-5374-48F3-9457-025A1693C8CC} = {91CAB9D9-3DFD-48E9-B2D1-1287AB378D9B}
		{48D1D233-B871-41B9-88D8-3667B93DA461} = {8A5CCFD1-C540-47E2-B8CD-A0459AD3DD9D}
		{29936884-7FC6-4159-95C0-6E9B3C0D028A} = {D484651D-9F00-4A5D-9F83-E8FFD456077A}
		{F59C62C1-A4E9-4CE7-B1C8-17375D4491D6} = {8A5CCFD1-C540-47E2-B8CD-A0459AD3DD9D}
		{7A4D6FA1-E44B-40E2-9DE8-3606DBC657D9} = {D484651D-9F00-4A5D-9F83-E8FFD456077A}
		{272A6B2F-921A-4AC2-ACED-A3E0F487954C} = {6C22EAC9-88C1-495D-838D-95EE47E5424D}
		{06DAAD7F-AC1C-417E-A903-55FFB859E761} = {94678757-3E0F-4F48-9637-D5E01C6B6F3D}
		{49A532A2-2080-4DBE-AFC8-0B34D9B0B210} = {D484651D-9F00-4A5D-9F83-E8FFD456077A}
		{97BD8CC4-EC76-44EF-B774-48062454F4FC} = {8A5CCFD1-C540-47E2-B8CD-A0459AD3DD9D}
		{3831266C-24FE-4DD6-A4CC-39D0EF33C299} = {94678757-3E0F-4F48-9637-D5E01C6B6F3D}
		{6C22EAC9-88C1-495D-838D-95EE47E5424D} = {91CAB9D9-3DFD-48E9-B2D1-1287AB378D9B}
		{94678757-3E0F-4F48-9637-D5E01C6B6F3D} = {91CAB9D9-3DFD-48E9-B2D1-1287AB378D9B}
		{83E38EBA-9D3A-402B-B863-77FA667F5926} = {6C22EAC9-88C1-495D-838D-95EE47E5424D}
		{D2F507D1-2D52-446D-ADEF-9DF441715F9D} = {6C22EAC9-88C1-495D-838D-95EE47E5424D}
	EndGlobalSection
EndGlobal
